
Microsoft Visual Studio Solution File, Format Version 12.00
# Visual Studio Version 17
VisualStudioVersion = 17.4.33403.182
MinimumVisualStudioVersion = 10.0.40219.1
Project("{FAE04EC0-301F-11D3-BF4B-00C04F79EFBC}") = "Grafikus 2.feladat", "Grafikus 2.feladat.csproj", "{3DCF670E-F21D-46E6-8192-E937BFA12763}"
EndProject
Global
	GlobalSection(SolutionConfigurationPlatforms) = preSolution
		Debug|Any CPU = Debug|Any CPU
		Release|Any CPU = Release|Any CPU
	EndGlobalSection
	GlobalSection(ProjectConfigurationPlatforms) = postSolution
		{3DCF670E-F21D-46E6-8192-E937BFA12763}.Debug|Any CPU.ActiveCfg = Debug|Any CPU
		{3DCF670E-F21D-46E6-8192-E937BFA12763}.Debug|Any CPU.Build.0 = Debug|Any CPU
		{3DCF670E-F21D-46E6-8192-E937BFA12763}.Release|Any CPU.ActiveCfg = Release|Any CPU
		{3DCF670E-F21D-46E6-8192-E937BFA12763}.Release|Any CPU.Build.0 = Release|Any CPU
	EndGlobalSection
	GlobalSection(SolutionProperties) = preSolution
		HideSolutionNode = FALSE
	EndGlobalSection
	GlobalSection(ExtensibilityGlobals) = postSolution
		SolutionGuid = {969091C2-93C2-496C-9445-E8888C6F1764}
	EndGlobalSection
EndGlobal
